
Microsoft Visual Studio Solution File, Format Version 12.00
# Visual Studio Version 17
VisualStudioVersion = 17.10.34928.147
MinimumVisualStudioVersion = 10.0.40219.1
Project("{9A19103F-16F7-4668-BE54-9A1E7A4F7556}") = "ClubApi", "ClubApi\ClubApi.csproj", "{A56A613A-039B-4A0C-822E-F9E7977A81B7}"
EndProject
Project("{FAE04EC0-301F-11D3-BF4B-00C04F79EFBC}") = "Application", "Application\Application.csproj", "{52F75D2E-887C-4D4B-B14E-D4BD46D1F219}"
EndProject
Project("{FAE04EC0-301F-11D3-BF4B-00C04F79EFBC}") = "Domain", "Domain\Domain.csproj", "{78A2D3C9-19ED-45FF-A49F-AB1140E8C538}"
EndProject
Project("{FAE04EC0-301F-11D3-BF4B-00C04F79EFBC}") = "Infrastructure", "Infrastructure\Infrastructure.csproj", "{B9423F5E-8E97-4F66-B9EF-C2F80525D73E}"
EndProject
Global
	GlobalSection(SolutionConfigurationPlatforms) = preSolution
		Debug|Any CPU = Debug|Any CPU
		Release|Any CPU = Release|Any CPU
	EndGlobalSection
	GlobalSection(ProjectConfigurationPlatforms) = postSolution
		{A56A613A-039B-4A0C-822E-F9E7977A81B7}.Debug|Any CPU.ActiveCfg = Debug|Any CPU
		{A56A613A-039B-4A0C-822E-F9E7977A81B7}.Debug|Any CPU.Build.0 = Debug|Any CPU
		{A56A613A-039B-4A0C-822E-F9E7977A81B7}.Release|Any CPU.ActiveCfg = Release|Any CPU
		{A56A613A-039B-4A0C-822E-F9E7977A81B7}.Release|Any CPU.Build.0 = Release|Any CPU
		{52F75D2E-887C-4D4B-B14E-D4BD46D1F219}.Debug|Any CPU.ActiveCfg = Debug|Any CPU
		{52F75D2E-887C-4D4B-B14E-D4BD46D1F219}.Debug|Any CPU.Build.0 = Debug|Any CPU
		{52F75D2E-887C-4D4B-B14E-D4BD46D1F219}.Release|Any CPU.ActiveCfg = Release|Any CPU
		{52F75D2E-887C-4D4B-B14E-D4BD46D1F219}.Release|Any CPU.Build.0 = Release|Any CPU
		{78A2D3C9-19ED-45FF-A49F-AB1140E8C538}.Debug|Any CPU.ActiveCfg = Debug|Any CPU
		{78A2D3C9-19ED-45FF-A49F-AB1140E8C538}.Debug|Any CPU.Build.0 = Debug|Any CPU
		{78A2D3C9-19ED-45FF-A49F-AB1140E8C538}.Release|Any CPU.ActiveCfg = Release|Any CPU
		{78A2D3C9-19ED-45FF-A49F-AB1140E8C538}.Release|Any CPU.Build.0 = Release|Any CPU
		{B9423F5E-8E97-4F66-B9EF-C2F80525D73E}.Debug|Any CPU.ActiveCfg = Debug|Any CPU
		{B9423F5E-8E97-4F66-B9EF-C2F80525D73E}.Debug|Any CPU.Build.0 = Debug|Any CPU
		{B9423F5E-8E97-4F66-B9EF-C2F80525D73E}.Release|Any CPU.ActiveCfg = Release|Any CPU
		{B9423F5E-8E97-4F66-B9EF-C2F80525D73E}.Release|Any CPU.Build.0 = Release|Any CPU
	EndGlobalSection
	GlobalSection(SolutionProperties) = preSolution
		HideSolutionNode = FALSE
	EndGlobalSection
	GlobalSection(ExtensibilityGlobals) = postSolution
		SolutionGuid = {54D570FE-BFA1-400E-8299-66F3D72D17EF}
	EndGlobalSection
EndGlobal
